// !$*UTF8*$!
{
	archiveVersion = 1;
	classes = {
	};
	objectVersion = 56;
	objects = {

/* Begin PBXBuildFile section */
		B47C1A2D3E4F506172839420 /* main.swift in Sources */ = {isa = PBXBuildFile; fileRef = B47C1A2D3E4F506172839414 /* main.swift */; };
		B47C1A2D3E4F506172839421 /* AppDelegate.swift in Sources */ = {isa = PBXBuildFile; fileRef = B47C1A2D3E4F506172839415 /* AppDelegate.swift */; };
		B47C1A2D3E4F506172839422 /* HotkeyManager.swift in Sources */ = {isa = PBXBuildFile; fileRef = B47C1A2D3E4F506172839416 /* HotkeyManager.swift */; };
		B47C1A2D3E4F506172839423 /* ScreenCaptureManager.swift in Sources */ = {isa = PBXBuildFile; fileRef = B47C1A2D3E4F506172839417 /* ScreenCaptureManager.swift */; };
		B47C1A2D3E4F506172839424 /* CaptureOverlayWindow.swift in Sources */ = {isa = PBXBuildFile; fileRef = B47C1A2D3E4F506172839418 /* CaptureOverlayWindow.swift */; };
		B47C1A2D3E4F506172839425 /* CaptureOverlayView.swift in Sources */ = {isa = PBXBuildFile; fileRef = B47C1A2D3E4F506172839419 /* CaptureOverlayView.swift */; };
		B47C1A2D3E4F506172839426 /* ThumbnailWindowController.swift in Sources */ = {isa = PBXBuildFile; fileRef = B47C1A2D3E4F50617283941A /* ThumbnailWindowController.swift */; };
		B47C1A2D3E4F506172839427 /* Assets.xcassets in Resources */ = {isa = PBXBuildFile; fileRef = B47C1A2D3E4F50617283941C /* Assets.xcassets */; };
		B47C1A2D3E4F506172839428 /* AppKit.framework in Frameworks */ = {isa = PBXBuildFile; fileRef = B47C1A2D3E4F50617283941D /* AppKit.framework */; };
		B47C1A2D3E4F506172839429 /* Foundation.framework in Frameworks */ = {isa = PBXBuildFile; fileRef = B47C1A2D3E4F50617283941E /* Foundation.framework */; };
		B47C1A2D3E4F50617283942A /* Carbon.framework in Frameworks */ = {isa = PBXBuildFile; fileRef = B47C1A2D3E4F50617283941F /* Carbon.framework */; };
		B47C1A2D3E4F50617283942D /* AnnotationWindowController.swift in Sources */ = {isa = PBXBuildFile; fileRef = B47C1A2D3E4F50617283942C /* AnnotationWindowController.swift */; };
		B47C1A2D3E4F50617283942F /* ScreenCaptureKit.framework in Frameworks */ = {isa = PBXBuildFile; fileRef = B47C1A2D3E4F50617283942E /* ScreenCaptureKit.framework */; };
/* End PBXBuildFile section */

/* Begin PBXFileReference section */
		B47C1A2D3E4F506172839409 /* SnapFloat.app */ = {isa = PBXFileReference; explicitFileType = wrapper.application; includeInIndex = 0; path = SnapFloat.app; sourceTree = BUILT_PRODUCTS_DIR; };
		B47C1A2D3E4F506172839414 /* main.swift */ = {isa = PBXFileReference; lastKnownFileType = sourcecode.swift; path = main.swift; sourceTree = "<group>"; };
		B47C1A2D3E4F506172839415 /* AppDelegate.swift */ = {isa = PBXFileReference; lastKnownFileType = sourcecode.swift; path = AppDelegate.swift; sourceTree = "<group>"; };
		B47C1A2D3E4F506172839416 /* HotkeyManager.swift */ = {isa = PBXFileReference; lastKnownFileType = sourcecode.swift; path = HotkeyManager.swift; sourceTree = "<group>"; };
		B47C1A2D3E4F506172839417 /* ScreenCaptureManager.swift */ = {isa = PBXFileReference; lastKnownFileType = sourcecode.swift; path = ScreenCaptureManager.swift; sourceTree = "<group>"; };
		B47C1A2D3E4F506172839418 /* CaptureOverlayWindow.swift */ = {isa = PBXFileReference; lastKnownFileType = sourcecode.swift; path = CaptureOverlayWindow.swift; sourceTree = "<group>"; };
		B47C1A2D3E4F506172839419 /* CaptureOverlayView.swift */ = {isa = PBXFileReference; lastKnownFileType = sourcecode.swift; path = CaptureOverlayView.swift; sourceTree = "<group>"; };
		B47C1A2D3E4F50617283941A /* ThumbnailWindowController.swift */ = {isa = PBXFileReference; lastKnownFileType = sourcecode.swift; path = ThumbnailWindowController.swift; sourceTree = "<group>"; };
		B47C1A2D3E4F50617283942C /* AnnotationWindowController.swift */ = {isa = PBXFileReference; lastKnownFileType = sourcecode.swift; path = AnnotationWindowController.swift; sourceTree = "<group>"; };
		B47C1A2D3E4F50617283941B /* Info.plist */ = {isa = PBXFileReference; lastKnownFileType = text.plist.xml; path = Info.plist; sourceTree = "<group>"; };
		B47C1A2D3E4F50617283941C /* Assets.xcassets */ = {isa = PBXFileReference; lastKnownFileType = folder.assetcatalog; path = Assets.xcassets; sourceTree = "<group>"; };
		B47C1A2D3E4F50617283941D /* AppKit.framework */ = {isa = PBXFileReference; lastKnownFileType = wrapper.framework; name = AppKit.framework; path = System/Library/Frameworks/AppKit.framework; sourceTree = SDKROOT; };
		B47C1A2D3E4F50617283941E /* Foundation.framework */ = {isa = PBXFileReference; lastKnownFileType = wrapper.framework; name = Foundation.framework; path = System/Library/Frameworks/Foundation.framework; sourceTree = SDKROOT; };
		B47C1A2D3E4F50617283941F /* Carbon.framework */ = {isa = PBXFileReference; lastKnownFileType = wrapper.framework; name = Carbon.framework; path = System/Library/Frameworks/Carbon.framework; sourceTree = SDKROOT; };
		B47C1A2D3E4F50617283942E /* ScreenCaptureKit.framework */ = {isa = PBXFileReference; lastKnownFileType = wrapper.framework; name = ScreenCaptureKit.framework; path = System/Library/Frameworks/ScreenCaptureKit.framework; sourceTree = SDKROOT; };
/* End PBXFileReference section */

/* Begin PBXFrameworksBuildPhase section */
		B47C1A2D3E4F50617283940B /* Frameworks */ = {
			isa = PBXFrameworksBuildPhase;
			buildActionMask = 2147483647;
			files = (
				B47C1A2D3E4F506172839428 /* AppKit.framework in Frameworks */,
				B47C1A2D3E4F506172839429 /* Foundation.framework in Frameworks */,
				B47C1A2D3E4F50617283942A /* Carbon.framework in Frameworks */,
				B47C1A2D3E4F50617283942F /* ScreenCaptureKit.framework in Frameworks */,
			);
			runOnlyForDeploymentPostprocessing = 0;
		};
/* End PBXFrameworksBuildPhase section */

/* Begin PBXGroup section */
		B47C1A2D3E4F506172839406 /* = */ = {
			isa = PBXGroup;
			children = (
				B47C1A2D3E4F506172839413 /* SnapFloat */,
				B47C1A2D3E4F50617283942B /* Frameworks */,
				B47C1A2D3E4F506172839407 /* Products */,
			);
			sourceTree = "<group>";
		};
		B47C1A2D3E4F506172839407 /* Products */ = {
			isa = PBXGroup;
			children = (
				B47C1A2D3E4F506172839409 /* SnapFloat.app */,
			);
			name = Products;
			sourceTree = "<group>";
		};
		B47C1A2D3E4F506172839413 /* SnapFloat */ = {
			isa = PBXGroup;
			children = (
				B47C1A2D3E4F506172839414 /* main.swift */,
				B47C1A2D3E4F506172839415 /* AppDelegate.swift */,
				B47C1A2D3E4F506172839416 /* HotkeyManager.swift */,
				B47C1A2D3E4F506172839417 /* ScreenCaptureManager.swift */,
				B47C1A2D3E4F506172839418 /* CaptureOverlayWindow.swift */,
				B47C1A2D3E4F506172839419 /* CaptureOverlayView.swift */,
				B47C1A2D3E4F50617283941A /* ThumbnailWindowController.swift */,
				B47C1A2D3E4F50617283942C /* AnnotationWindowController.swift */,
				B47C1A2D3E4F50617283941B /* Info.plist */,
				B47C1A2D3E4F50617283941C /* Assets.xcassets */,
			);
			path = SnapFloat;
			sourceTree = "<group>";
		};
		B47C1A2D3E4F50617283942B /* Frameworks */ = {
			isa = PBXGroup;
			children = (
				B47C1A2D3E4F50617283941D /* AppKit.framework */,
				B47C1A2D3E4F50617283941E /* Foundation.framework */,
				B47C1A2D3E4F50617283941F /* Carbon.framework */,
				B47C1A2D3E4F50617283942E /* ScreenCaptureKit.framework */,
			);
			name = Frameworks;
			sourceTree = "<group>";
		};
/* End PBXGroup section */

/* Begin PBXNativeTarget section */
		B47C1A2D3E4F506172839408 /* SnapFloat */ = {
			isa = PBXNativeTarget;
			buildConfigurationList = B47C1A2D3E4F50617283940E /* Build configuration list for PBXNativeTarget "SnapFloat" */;
			buildPhases = (
				B47C1A2D3E4F50617283940A /* Sources */,
				B47C1A2D3E4F50617283940B /* Frameworks */,
				B47C1A2D3E4F50617283940C /* Resources */,
			);
			buildRules = (
			);
			dependencies = (
			);
			name = SnapFloat;
			productName = SnapFloat;
			productReference = B47C1A2D3E4F506172839409 /* SnapFloat.app */;
			productType = "com.apple.product-type.application";
		};
/* End PBXNativeTarget section */

/* Begin PBXProject section */
		B47C1A2D3E4F506172839405 /* Project object */ = {
			isa = PBXProject;
			attributes = {
				BuildIndependentTargetsInParallel = 1;
				LastSwiftUpdateCheck = 1500;
				LastUpgradeCheck = 1500;
				TargetAttributes = {
					B47C1A2D3E4F506172839408 = {
						CreatedOnToolsVersion = 15.0;
					};
				};
			};
			buildConfigurationList = B47C1A2D3E4F50617283940D /* Build configuration list for PBXProject "SnapFloat" */;
			compatibilityVersion = "Xcode 14.0";
			developmentRegion = en;
			hasScannedForEncodings = 0;
			knownRegions = (
				en,
				Base,
			);
			mainGroup = B47C1A2D3E4F506172839406;
			productRefGroup = B47C1A2D3E4F506172839407 /* Products */;
			projectDirPath = "";
			projectRoot = "";
			targets = (
				B47C1A2D3E4F506172839408 /* SnapFloat */,
			);
		};
/* End PBXProject section */

/* Begin PBXResourcesBuildPhase section */
		B47C1A2D3E4F50617283940C /* Resources */ = {
			isa = PBXResourcesBuildPhase;
			buildActionMask = 2147483647;
			files = (
				B47C1A2D3E4F506172839427 /* Assets.xcassets in Resources */,
			);
			runOnlyForDeploymentPostprocessing = 0;
		};
/* End PBXResourcesBuildPhase section */

/* Begin PBXSourcesBuildPhase section */
		B47C1A2D3E4F50617283940A /* Sources */ = {
			isa = PBXSourcesBuildPhase;
			buildActionMask = 2147483647;
			files = (
				B47C1A2D3E4F506172839420 /* main.swift in Sources */,
				B47C1A2D3E4F506172839421 /* AppDelegate.swift in Sources */,
				B47C1A2D3E4F506172839422 /* HotkeyManager.swift in Sources */,
				B47C1A2D3E4F506172839423 /* ScreenCaptureManager.swift in Sources */,
				B47C1A2D3E4F506172839424 /* CaptureOverlayWindow.swift in Sources */,
				B47C1A2D3E4F506172839425 /* CaptureOverlayView.swift in Sources */,
				B47C1A2D3E4F506172839426 /* ThumbnailWindowController.swift in Sources */,
				B47C1A2D3E4F50617283942D /* AnnotationWindowController.swift in Sources */,
			);
			runOnlyForDeploymentPostprocessing = 0;
		};
/* End PBXSourcesBuildPhase section */

/* Begin XCBuildConfiguration section */
		B47C1A2D3E4F50617283940F /* Debug */ = {
			isa = XCBuildConfiguration;
			buildSettings = {
				ALWAYS_SEARCH_USER_PATHS = NO;
				CLANG_ANALYZER_NONNULL = YES;
				CLANG_CXX_LANGUAGE_STANDARD = "gnu++20";
				CLANG_ENABLE_MODULES = YES;
				CLANG_ENABLE_OBJC_ARC = YES;
				CLANG_ENABLE_OBJC_WEAK = YES;
				CLANG_WARN_BLOCK_CAPTURE_AUTORELEASING = YES;
				CLANG_WARN_BOOL_CONVERSION = YES;
				CLANG_WARN_COMMA = YES;
				CLANG_WARN_CONSTANT_CONVERSION = YES;
				CLANG_WARN_DEPRECATED_OBJC_IMPLEMENTATIONS = YES;
				CLANG_WARN_DIRECT_OBJC_ISA_USAGE = YES_ERROR;
				CLANG_WARN_EMPTY_BODY = YES;
				CLANG_WARN_ENUM_CONVERSION = YES;
				CLANG_WARN_INFINITE_RECURSION = YES;
				CLANG_WARN_INT_CONVERSION = YES;
				CLANG_WARN_NON_LITERAL_NULL_CONVERSION = YES;
				CLANG_WARN_OBJC_IMPLICIT_RETAIN_CYCLE = YES;
				CLANG_WARN_OBJC_LITERAL_CONVERSION = YES;
				CLANG_WARN_OBJC_ROOT_CLASS = YES_ERROR;
				CLANG_WARN_RANGE_LOOP_ANALYSIS = YES;
				CLANG_WARN_STRICT_PROTOTYPES = YES;
				CLANG_WARN_SUSPICIOUS_MOVE = YES;
				CLANG_WARN_UNGUARDED_AVAILABILITY = YES_AGGRESSIVE;
				CLANG_WARN_UNREACHABLE_CODE = YES;
				CLANG_WARN__DUPLICATE_METHOD_MATCH = YES;
				COPY_PHASE_STRIP = NO;
				DEBUG_INFORMATION_FORMAT = dwarf;
				ENABLE_STRICT_OBJC_MSGSEND = YES;
				ENABLE_TESTABILITY = YES;
				GCC_C_LANGUAGE_STANDARD = gnu17;
				GCC_DYNAMIC_NO_PIC = NO;
				GCC_NO_COMMON_BLOCKS = YES;
				GCC_OPTIMIZATION_LEVEL = 0;
				GCC_PREPROCESSOR_DEFINITIONS = (
					"DEBUG=1",
					"$(inherited)",
				);
				GCC_WARN_64_TO_32_BIT_CONVERSION = YES;
				GCC_WARN_ABOUT_RETURN_TYPE = YES_ERROR;
				GCC_WARN_UNDECLARED_SELECTOR = YES;
				GCC_WARN_UNINITIALIZED_AUTOS = YES_AGGRESSIVE;
				GCC_WARN_UNUSED_FUNCTION = YES;
				GCC_WARN_UNUSED_VARIABLE = YES;
				MACOSX_DEPLOYMENT_TARGET = 13.0;
				MTL_ENABLE_DEBUG_INFO = INCLUDE_SOURCE;
				MTL_FAST_MATH = YES;
				ONLY_ACTIVE_ARCH = YES;
				SDKROOT = macosx;
				SWIFT_ACTIVE_COMPILATION_CONDITIONS = DEBUG;
				SWIFT_OPTIMIZATION_LEVEL = "-Onone";
			};
			name = Debug;
		};
		B47C1A2D3E4F506172839410 /* Release */ = {
			isa = XCBuildConfiguration;
			buildSettings = {
				ALWAYS_SEARCH_USER_PATHS = NO;
				CLANG_ANALYZER_NONNULL = YES;
				CLANG_CXX_LANGUAGE_STANDARD = "gnu++20";
				CLANG_ENABLE_MODULES = YES;
				CLANG_ENABLE_OBJC_ARC = YES;
				CLANG_ENABLE_OBJC_WEAK = YES;
				CLANG_WARN_BLOCK_CAPTURE_AUTORELEASING = YES;
				CLANG_WARN_BOOL_CONVERSION = YES;
				CLANG_WARN_COMMA = YES;
				CLANG_WARN_CONSTANT_CONVERSION = YES;
				CLANG_WARN_DEPRECATED_OBJC_IMPLEMENTATIONS = YES;
				CLANG_WARN_DIRECT_OBJC_ISA_USAGE = YES_ERROR;
				CLANG_WARN_EMPTY_BODY = YES;
				CLANG_WARN_ENUM_CONVERSION = YES;
				CLANG_WARN_INFINITE_RECURSION = YES;
				CLANG_WARN_INT_CONVERSION = YES;
				CLANG_WARN_NON_LITERAL_NULL_CONVERSION = YES;
				CLANG_WARN_OBJC_IMPLICIT_RETAIN_CYCLE = YES;
				CLANG_WARN_OBJC_LITERAL_CONVERSION = YES;
				CLANG_WARN_OBJC_ROOT_CLASS = YES_ERROR;
				CLANG_WARN_RANGE_LOOP_ANALYSIS = YES;
				CLANG_WARN_STRICT_PROTOTYPES = YES;
				CLANG_WARN_SUSPICIOUS_MOVE = YES;
				CLANG_WARN_UNGUARDED_AVAILABILITY = YES_AGGRESSIVE;
				CLANG_WARN_UNREACHABLE_CODE = YES;
				CLANG_WARN__DUPLICATE_METHOD_MATCH = YES;
				COPY_PHASE_STRIP = NO;
				DEBUG_INFORMATION_FORMAT = "dwarf-with-dsym";
				ENABLE_NS_ASSERTIONS = NO;
				ENABLE_STRICT_OBJC_MSGSEND = YES;
				GCC_C_LANGUAGE_STANDARD = gnu17;
				GCC_NO_COMMON_BLOCKS = YES;
				GCC_WARN_64_TO_32_BIT_CONVERSION = YES;
				GCC_WARN_ABOUT_RETURN_TYPE = YES_ERROR;
				GCC_WARN_UNDECLARED_SELECTOR = YES;
				GCC_WARN_UNINITIALIZED_AUTOS = YES_AGGRESSIVE;
				GCC_WARN_UNUSED_FUNCTION = YES;
				GCC_WARN_UNUSED_VARIABLE = YES;
				MACOSX_DEPLOYMENT_TARGET = 13.0;
				MTL_FAST_MATH = YES;
				SDKROOT = macosx;
				SWIFT_COMPILATION_MODE = wholemodule;
				SWIFT_OPTIMIZATION_LEVEL = "-O";
			};
			name = Release;
		};
		B47C1A2D3E4F506172839411 /* Debug */ = {
			isa = XCBuildConfiguration;
			buildSettings = {
				ASSETCATALOG_COMPILER_APPICON_NAME = AppIcon;
				ASSETCATALOG_COMPILER_GLOBAL_ACCENT_COLOR_NAME = AccentColor;
				CODE_SIGN_ENTITLEMENTS = "";
				CODE_SIGN_STYLE = Automatic;
				COMBINE_HIDPI_IMAGES = YES;
				CURRENT_PROJECT_VERSION = 1;
				GENERATE_INFOPLIST_FILE = NO;
				INFOPLIST_FILE = SnapFloat/Info.plist;
				LD_RUNPATH_SEARCH_PATHS = (
					"$(inherited)",
					"@executable_path/../Frameworks",
				);
				MARKETING_VERSION = 1.0;
				PRODUCT_BUNDLE_IDENTIFIER = "com.snapfloat.SnapFloat";
				PRODUCT_NAME = "$(TARGET_NAME)";
				SWIFT_EMIT_LOC_STRINGS = YES;
				SWIFT_VERSION = 5.0;
			};
			name = Debug;
		};
		B47C1A2D3E4F506172839412 /* Release */ = {
			isa = XCBuildConfiguration;
			buildSettings = {
				ASSETCATALOG_COMPILER_APPICON_NAME = AppIcon;
				ASSETCATALOG_COMPILER_GLOBAL_ACCENT_COLOR_NAME = AccentColor;
				CODE_SIGN_ENTITLEMENTS = "";
				CODE_SIGN_STYLE = Automatic;
				COMBINE_HIDPI_IMAGES = YES;
				CURRENT_PROJECT_VERSION = 1;
				GENERATE_INFOPLIST_FILE = NO;
				INFOPLIST_FILE = SnapFloat/Info.plist;
				LD_RUNPATH_SEARCH_PATHS = (
					"$(inherited)",
					"@executable_path/../Frameworks",
				);
				MARKETING_VERSION = 1.0;
				PRODUCT_BUNDLE_IDENTIFIER = "com.snapfloat.SnapFloat";
				PRODUCT_NAME = "$(TARGET_NAME)";
				SWIFT_EMIT_LOC_STRINGS = YES;
				SWIFT_VERSION = 5.0;
			};
			name = Release;
		};
/* End XCBuildConfiguration section */

/* Begin XCConfigurationList section */
		B47C1A2D3E4F50617283940D /* Build configuration list for PBXProject "SnapFloat" */ = {
			isa = XCConfigurationList;
			buildConfigurations = (
				B47C1A2D3E4F50617283940F /* Debug */,
				B47C1A2D3E4F506172839410 /* Release */,
			);
			defaultConfigurationIsVisible = 0;
			defaultConfigurationName = Release;
		};
		B47C1A2D3E4F50617283940E /* Build configuration list for PBXNativeTarget "SnapFloat" */ = {
			isa = XCConfigurationList;
			buildConfigurations = (
				B47C1A2D3E4F506172839411 /* Debug */,
				B47C1A2D3E4F506172839412 /* Release */,
			);
			defaultConfigurationIsVisible = 0;
			defaultConfigurationName = Release;
		};
/* End XCConfigurationList section */

	};
	rootObject = B47C1A2D3E4F506172839405 /* Project object */;
}
